
Microsoft Visual Studio Solution File, Format Version 12.00
# Visual Studio 14
VisualStudioVersion = 14.0.23107.0
MinimumVisualStudioVersion = 10.0.40219.1
Project("{2150E333-8FDC-42A3-9474-1A3956D46DE8}") = "src", "src", "{DFEF7AEA-09CE-47B7-B002-E8F06F551BA7}"
EndProject
Project("{2150E333-8FDC-42A3-9474-1A3956D46DE8}") = "Solution Items", "Solution Items", "{55CE1AB9-9E09-4248-A671-885698518E4E}"
	ProjectSection(SolutionItems) = preProject
		global.json = global.json
		NuGet.Config = NuGet.Config
	EndProjectSection
EndProject
Project("{8BB2217D-0F2D-49D1-97BC-3654ED321F3B}") = "SiteIdentity", "src\SiteIdentity\SiteIdentity.xproj", "{AA9870B8-442F-4B12-953E-16C6F48B8288}"
EndProject
Project("{8BB2217D-0F2D-49D1-97BC-3654ED321F3B}") = "SiteIdentity.Data", "src\SiteIdentity.Data\SiteIdentity.Data.xproj", "{B492211F-329D-4888-A5ED-FC3FBA5ED3DD}"
EndProject
Global
	GlobalSection(SolutionConfigurationPlatforms) = preSolution
		Debug|Any CPU = Debug|Any CPU
		Release|Any CPU = Release|Any CPU
	EndGlobalSection
	GlobalSection(ProjectConfigurationPlatforms) = postSolution
		{AA9870B8-442F-4B12-953E-16C6F48B8288}.Debug|Any CPU.ActiveCfg = Debug|Any CPU
		{AA9870B8-442F-4B12-953E-16C6F48B8288}.Debug|Any CPU.Build.0 = Debug|Any CPU
		{AA9870B8-442F-4B12-953E-16C6F48B8288}.Release|Any CPU.ActiveCfg = Release|Any CPU
		{AA9870B8-442F-4B12-953E-16C6F48B8288}.Release|Any CPU.Build.0 = Release|Any CPU
		{B492211F-329D-4888-A5ED-FC3FBA5ED3DD}.Debug|Any CPU.ActiveCfg = Debug|Any CPU
		{B492211F-329D-4888-A5ED-FC3FBA5ED3DD}.Debug|Any CPU.Build.0 = Debug|Any CPU
		{B492211F-329D-4888-A5ED-FC3FBA5ED3DD}.Release|Any CPU.ActiveCfg = Release|Any CPU
		{B492211F-329D-4888-A5ED-FC3FBA5ED3DD}.Release|Any CPU.Build.0 = Release|Any CPU
	EndGlobalSection
	GlobalSection(SolutionProperties) = preSolution
		HideSolutionNode = FALSE
	EndGlobalSection
	GlobalSection(NestedProjects) = preSolution
		{AA9870B8-442F-4B12-953E-16C6F48B8288} = {DFEF7AEA-09CE-47B7-B002-E8F06F551BA7}
		{B492211F-329D-4888-A5ED-FC3FBA5ED3DD} = {DFEF7AEA-09CE-47B7-B002-E8F06F551BA7}
	EndGlobalSection
EndGlobal
